
Microsoft Visual Studio Solution File, Format Version 12.00
# Visual Studio Version 16
VisualStudioVersion = 16.0.30011.22
MinimumVisualStudioVersion = 10.0.40219.1
Project("{9A19103F-16F7-4668-BE54-9A1E7A4F7556}") = "Lab2_3", "Lab2_3\Lab2_3.csproj", "{35AB7AD6-6DF5-4665-AE90-CEFB9015FF8A}"
EndProject
Project("{2150E333-8FDC-42A3-9474-1A3956D46DE8}") = "Solution Items", "Solution Items", "{570D87C2-BFEC-40D6-80F0-19FEF6BE203D}"
	ProjectSection(SolutionItems) = preProject
		.travis.yml = .travis.yml
	EndProjectSection
EndProject
Global
	GlobalSection(SolutionConfigurationPlatforms) = preSolution
		Debug|Any CPU = Debug|Any CPU
		Release|Any CPU = Release|Any CPU
	EndGlobalSection
	GlobalSection(ProjectConfigurationPlatforms) = postSolution
		{35AB7AD6-6DF5-4665-AE90-CEFB9015FF8A}.Debug|Any CPU.ActiveCfg = Debug|Any CPU
		{35AB7AD6-6DF5-4665-AE90-CEFB9015FF8A}.Debug|Any CPU.Build.0 = Debug|Any CPU
		{35AB7AD6-6DF5-4665-AE90-CEFB9015FF8A}.Release|Any CPU.ActiveCfg = Release|Any CPU
		{35AB7AD6-6DF5-4665-AE90-CEFB9015FF8A}.Release|Any CPU.Build.0 = Release|Any CPU
	EndGlobalSection
	GlobalSection(SolutionProperties) = preSolution
		HideSolutionNode = FALSE
	EndGlobalSection
	GlobalSection(ExtensibilityGlobals) = postSolution
		SolutionGuid = {E0CBEBA8-74E9-4D41-BFF7-3D9139592CFA}
	EndGlobalSection
EndGlobal
